
Microsoft Visual Studio Solution File, Format Version 12.00
Project("{FAE04EC0-301F-11D3-BF4B-00C04F79EFBC}") = "OrderImport", "OrderImport\OrderImport.csproj", "{6DBF6931-9771-4ED0-961B-42C71F2305B4}"
EndProject
Global
	GlobalSection(SolutionConfigurationPlatforms) = preSolution
		Debug|Any CPU = Debug|Any CPU
		Release|Any CPU = Release|Any CPU
	EndGlobalSection
	GlobalSection(ProjectConfigurationPlatforms) = postSolution
		{6DBF6931-9771-4ED0-961B-42C71F2305B4}.Debug|Any CPU.ActiveCfg = Debug|Any CPU
		{6DBF6931-9771-4ED0-961B-42C71F2305B4}.Debug|Any CPU.Build.0 = Debug|Any CPU
		{6DBF6931-9771-4ED0-961B-42C71F2305B4}.Release|Any CPU.ActiveCfg = Release|Any CPU
		{6DBF6931-9771-4ED0-961B-42C71F2305B4}.Release|Any CPU.Build.0 = Release|Any CPU
	EndGlobalSection
EndGlobal
